{
  "requires": true,
  "lockfileVersion": 1,
  "dependencies": {
    "@types/cash": {
      "version": "0.0.1",
      "resolved": "https://registry.npmjs.org/@types/cash/-/cash-0.0.1.tgz",
      "integrity": "sha1-VYifNG49tqy4y5xkzDWAzx1tvxo="
    },
    "@types/jquery": {
      "version": "3.3.9",
      "resolved": "https://registry.npmjs.org/@types/jquery/-/jquery-3.3.9.tgz",
      "integrity": "sha512-jd5gnS4K5C3MfcYPXdIPpMnFnbYpRdzZQQGkOBbyMiTsAaNTqMGyAJAZlEbMc0EwPaZFzFD+U3zxL/dhBsWsIQ=="
    },
    "@types/materialize-css": {
      "version": "1.0.4",
      "resolved": "https://registry.npmjs.org/@types/materialize-css/-/materialize-css-1.0.4.tgz",
      "integrity": "sha512-LTPtG9nTRB0OjGpwSqL2n1Nemr1cHnW1GHhuIuoWsTS4pBfiboO/aW7i9HF9cAIf73KLk5rSTY1xWh8tv78LSQ==",
      "requires": {
        "@types/cash": "*",
        "@types/jquery": "*"
      }
    }
  }
}
